
Microsoft Visual Studio Solution File, Format Version 12.00
# Visual Studio Version 17
VisualStudioVersion = 17.4.33110.190
MinimumVisualStudioVersion = 10.0.40219.1
Project("{9A19103F-16F7-4668-BE54-9A1E7A4F7556}") = "FormulaEvaluatorTester", "FormulaEvaluatorTester\FormulaEvaluatorTester.csproj", "{C761524F-168C-4B14-87B9-984541C98A82}"
EndProject
Project("{2150E333-8FDC-42A3-9474-1A3956D46DE8}") = "Solution Items", "Solution Items", "{A94171DD-AEAB-424D-8371-12269EC0D588}"
	ProjectSection(SolutionItems) = preProject
		.editorconfig = .editorconfig
		Whiteboard\dependencyGraph_whiteboard.jpg = Whiteboard\dependencyGraph_whiteboard.jpg
		Whiteboard\formula_whiteboard.jpg = Whiteboard\formula_whiteboard.jpg
		README.txt = README.txt
		Whiteboard\relationships_whiteboard.jpg = Whiteboard\relationships_whiteboard.jpg
		Whiteboard\spreadsheet_whiteboard.jpg = Whiteboard\spreadsheet_whiteboard.jpg
	EndProjectSection
EndProject
Project("{9A19103F-16F7-4668-BE54-9A1E7A4F7556}") = "DependencyGraph", "DependencyGraph\DependencyGraph.csproj", "{358E5A26-7102-4777-8BB3-5B520E1DC8E6}"
EndProject
Project("{9A19103F-16F7-4668-BE54-9A1E7A4F7556}") = "DependencyGraphTests", "DependencyGraphTests\DependencyGraphTests.csproj", "{F1315773-866A-4625-89E7-1F60AAFEC7FD}"
EndProject
Project("{9A19103F-16F7-4668-BE54-9A1E7A4F7556}") = "FormulaTests", "FormulaTests\FormulaTests.csproj", "{C264442E-5336-426D-8803-9A69514CC34D}"
EndProject
Project("{9A19103F-16F7-4668-BE54-9A1E7A4F7556}") = "Formula", "Formula\Formula.csproj", "{0C8D604C-4774-48F5-B154-B2F96D906D59}"
EndProject
Project("{9A19103F-16F7-4668-BE54-9A1E7A4F7556}") = "Spreadsheet", "Spreadsheet\Spreadsheet.csproj", "{100EDBAF-AED6-4084-A1D8-E334F8DAD6A7}"
EndProject
Project("{9A19103F-16F7-4668-BE54-9A1E7A4F7556}") = "SpreadsheetTests", "SpreadsheetTests\SpreadsheetTests.csproj", "{FF3136CF-CEE1-4AAC-AEF2-87C36CD71CB3}"
EndProject
Project("{FAE04EC0-301F-11D3-BF4B-00C04F79EFBC}") = "Evaluator", "Evaluator\Evaluator.csproj", "{3ACBC664-60AF-4E74-A4CB-41E5F19FB77D}"
EndProject
Global
	GlobalSection(SolutionConfigurationPlatforms) = preSolution
		Debug|Any CPU = Debug|Any CPU
		Release|Any CPU = Release|Any CPU
	EndGlobalSection
	GlobalSection(ProjectConfigurationPlatforms) = postSolution
		{C761524F-168C-4B14-87B9-984541C98A82}.Debug|Any CPU.ActiveCfg = Debug|Any CPU
		{C761524F-168C-4B14-87B9-984541C98A82}.Debug|Any CPU.Build.0 = Debug|Any CPU
		{C761524F-168C-4B14-87B9-984541C98A82}.Release|Any CPU.ActiveCfg = Release|Any CPU
		{C761524F-168C-4B14-87B9-984541C98A82}.Release|Any CPU.Build.0 = Release|Any CPU
		{358E5A26-7102-4777-8BB3-5B520E1DC8E6}.Debug|Any CPU.ActiveCfg = Debug|Any CPU
		{358E5A26-7102-4777-8BB3-5B520E1DC8E6}.Debug|Any CPU.Build.0 = Debug|Any CPU
		{358E5A26-7102-4777-8BB3-5B520E1DC8E6}.Release|Any CPU.ActiveCfg = Release|Any CPU
		{358E5A26-7102-4777-8BB3-5B520E1DC8E6}.Release|Any CPU.Build.0 = Release|Any CPU
		{F1315773-866A-4625-89E7-1F60AAFEC7FD}.Debug|Any CPU.ActiveCfg = Debug|Any CPU
		{F1315773-866A-4625-89E7-1F60AAFEC7FD}.Debug|Any CPU.Build.0 = Debug|Any CPU
		{F1315773-866A-4625-89E7-1F60AAFEC7FD}.Release|Any CPU.ActiveCfg = Release|Any CPU
		{F1315773-866A-4625-89E7-1F60AAFEC7FD}.Release|Any CPU.Build.0 = Release|Any CPU
		{C264442E-5336-426D-8803-9A69514CC34D}.Debug|Any CPU.ActiveCfg = Debug|Any CPU
		{C264442E-5336-426D-8803-9A69514CC34D}.Debug|Any CPU.Build.0 = Debug|Any CPU
		{C264442E-5336-426D-8803-9A69514CC34D}.Release|Any CPU.ActiveCfg = Release|Any CPU
		{C264442E-5336-426D-8803-9A69514CC34D}.Release|Any CPU.Build.0 = Release|Any CPU
		{0C8D604C-4774-48F5-B154-B2F96D906D59}.Debug|Any CPU.ActiveCfg = Debug|Any CPU
		{0C8D604C-4774-48F5-B154-B2F96D906D59}.Debug|Any CPU.Build.0 = Debug|Any CPU
		{0C8D604C-4774-48F5-B154-B2F96D906D59}.Release|Any CPU.ActiveCfg = Release|Any CPU
		{0C8D604C-4774-48F5-B154-B2F96D906D59}.Release|Any CPU.Build.0 = Release|Any CPU
		{100EDBAF-AED6-4084-A1D8-E334F8DAD6A7}.Debug|Any CPU.ActiveCfg = Debug|Any CPU
		{100EDBAF-AED6-4084-A1D8-E334F8DAD6A7}.Debug|Any CPU.Build.0 = Debug|Any CPU
		{100EDBAF-AED6-4084-A1D8-E334F8DAD6A7}.Release|Any CPU.ActiveCfg = Release|Any CPU
		{100EDBAF-AED6-4084-A1D8-E334F8DAD6A7}.Release|Any CPU.Build.0 = Release|Any CPU
		{FF3136CF-CEE1-4AAC-AEF2-87C36CD71CB3}.Debug|Any CPU.ActiveCfg = Debug|Any CPU
		{FF3136CF-CEE1-4AAC-AEF2-87C36CD71CB3}.Debug|Any CPU.Build.0 = Debug|Any CPU
		{FF3136CF-CEE1-4AAC-AEF2-87C36CD71CB3}.Release|Any CPU.ActiveCfg = Release|Any CPU
		{FF3136CF-CEE1-4AAC-AEF2-87C36CD71CB3}.Release|Any CPU.Build.0 = Release|Any CPU
		{3ACBC664-60AF-4E74-A4CB-41E5F19FB77D}.Debug|Any CPU.ActiveCfg = Debug|Any CPU
		{3ACBC664-60AF-4E74-A4CB-41E5F19FB77D}.Debug|Any CPU.Build.0 = Debug|Any CPU
		{3ACBC664-60AF-4E74-A4CB-41E5F19FB77D}.Release|Any CPU.ActiveCfg = Release|Any CPU
		{3ACBC664-60AF-4E74-A4CB-41E5F19FB77D}.Release|Any CPU.Build.0 = Release|Any CPU
	EndGlobalSection
	GlobalSection(SolutionProperties) = preSolution
		HideSolutionNode = FALSE
	EndGlobalSection
	GlobalSection(ExtensibilityGlobals) = postSolution
		SolutionGuid = {CD075A25-4480-4778-85D3-54AFA8D0BDFA}
	EndGlobalSection
EndGlobal
